
Microsoft Visual Studio Solution File, Format Version 12.00
# Visual Studio Version 16
VisualStudioVersion = 16.0.29709.97
MinimumVisualStudioVersion = 10.0.40219.1
Project("{FAE04EC0-301F-11D3-BF4B-00C04F79EFBC}") = "ChatBot", "ChatBot\ChatBot.csproj", "{BA1D7CC4-129B-4BE4-A63F-1048E8C91824}"
EndProject
Global
	GlobalSection(SolutionConfigurationPlatforms) = preSolution
		Debug|Any CPU = Debug|Any CPU
		Release|Any CPU = Release|Any CPU
	EndGlobalSection
	GlobalSection(ProjectConfigurationPlatforms) = postSolution
		{BA1D7CC4-129B-4BE4-A63F-1048E8C91824}.Debug|Any CPU.ActiveCfg = Debug|Any CPU
		{BA1D7CC4-129B-4BE4-A63F-1048E8C91824}.Debug|Any CPU.Build.0 = Debug|Any CPU
		{BA1D7CC4-129B-4BE4-A63F-1048E8C91824}.Release|Any CPU.ActiveCfg = Release|Any CPU
		{BA1D7CC4-129B-4BE4-A63F-1048E8C91824}.Release|Any CPU.Build.0 = Release|Any CPU
	EndGlobalSection
	GlobalSection(SolutionProperties) = preSolution
		HideSolutionNode = FALSE
	EndGlobalSection
	GlobalSection(ExtensibilityGlobals) = postSolution
		SolutionGuid = {67D263CF-0A50-4264-AEEA-1E2AACAD2E4F}
	EndGlobalSection
EndGlobal
